
Microsoft Visual Studio Solution File, Format Version 11.00
# Visual Studio 2010
Project("{FAE04EC0-301F-11D3-BF4B-00C04F79EFBC}") = "KinectXNATest", "KinectXNATest\KinectXNATest\KinectXNATest.csproj", "{09D86BC1-CAF1-436F-B893-56202F6017FE}"
EndProject
Project("{96E2B04D-8817-42C6-938A-82C39BA4D311}") = "KinectXNATestContent", "KinectXNATest\KinectXNATestContent\KinectXNATestContent.contentproj", "{4730FDA7-AC49-4DDF-AC36-B051076D527B}"
EndProject
Global
	GlobalSection(SolutionConfigurationPlatforms) = preSolution
		Debug|x86 = Debug|x86
		Release|x86 = Release|x86
	EndGlobalSection
	GlobalSection(ProjectConfigurationPlatforms) = postSolution
		{09D86BC1-CAF1-436F-B893-56202F6017FE}.Debug|x86.ActiveCfg = Debug|x86
		{09D86BC1-CAF1-436F-B893-56202F6017FE}.Debug|x86.Build.0 = Debug|x86
		{09D86BC1-CAF1-436F-B893-56202F6017FE}.Release|x86.ActiveCfg = Release|x86
		{09D86BC1-CAF1-436F-B893-56202F6017FE}.Release|x86.Build.0 = Release|x86
		{4730FDA7-AC49-4DDF-AC36-B051076D527B}.Debug|x86.ActiveCfg = Debug|x86
		{4730FDA7-AC49-4DDF-AC36-B051076D527B}.Release|x86.ActiveCfg = Release|x86
	EndGlobalSection
	GlobalSection(SolutionProperties) = preSolution
		HideSolutionNode = FALSE
	EndGlobalSection
EndGlobal
