
Microsoft Visual Studio Solution File, Format Version 11.00
# Visual Studio 2010
Project("{2150E333-8FDC-42A3-9474-1A3956D46DE8}") = "Demos", "Demos", "{F3911DB8-3A49-4578-A8DE-0AF4169E43CA}"
EndProject
Project("{2150E333-8FDC-42A3-9474-1A3956D46DE8}") = "Wrappers", "Wrappers", "{7C1D48FF-FD68-4EB0-BBBE-65231B8D065C}"
EndProject
Project("{2150E333-8FDC-42A3-9474-1A3956D46DE8}") = "Multitouch", "Multitouch", "{0022DE46-5CF0-42AD-81F3-5E2B555497EF}"
EndProject
Project("{2150E333-8FDC-42A3-9474-1A3956D46DE8}") = "WinForms", "WinForms", "{CB10DF3C-769F-427A-A278-D2DCA646364C}"
EndProject
Project("{2150E333-8FDC-42A3-9474-1A3956D46DE8}") = "WPF", "WPF", "{C0DED255-A4EE-48B9-A4D2-07849D17E51B}"
EndProject
Project("{2150E333-8FDC-42A3-9474-1A3956D46DE8}") = "Win32", "Win32", "{5480C3D2-7F31-4D34-A5F5-A9F287BD76AC}"
EndProject
Project("{FAE04EC0-301F-11D3-BF4B-00C04F79EFBC}") = "Windows7.Multitouch", "Mutitouch\Windows7.Multitouch\Windows7.Multitouch.csproj", "{BA3201ED-9FDD-44E5-AA16-5A14526BB908}"
EndProject
Project("{FAE04EC0-301F-11D3-BF4B-00C04F79EFBC}") = "Windows7.Multitouch.WinForms", "Mutitouch\Windows7.Multitouch.WinForms\Windows7.Multitouch.WinForms.csproj", "{3D2707FF-380A-4F25-A9EB-51A626E3DEA4}"
EndProject
Project("{FAE04EC0-301F-11D3-BF4B-00C04F79EFBC}") = "Windows7.Multitouch.WPF", "Mutitouch\Windows7.Multitouch.WPF\Windows7.Multitouch.WPF.csproj", "{F42D6367-B340-4CE4-9AB7-43EEF3692FF4}"
EndProject
Project("{FAE04EC0-301F-11D3-BF4B-00C04F79EFBC}") = "mtGesture", "Demo\Multitouch\MultitouchWinForms\mtGesture\mtGesture.csproj", "{377E2C15-1DA4-49C8-9777-DCCC01D38E8C}"
EndProject
Project("{FAE04EC0-301F-11D3-BF4B-00C04F79EFBC}") = "mtInertia", "Demo\Multitouch\MultitouchWinForms\mtInertia\mtInertia.csproj", "{8AA389B4-3C4C-4AAC-B844-A156A7874E2E}"
EndProject
Project("{FAE04EC0-301F-11D3-BF4B-00C04F79EFBC}") = "mtManipulation", "Demo\Multitouch\MultitouchWinForms\mtManipulation\mtManipulation.csproj", "{5686EE6F-CDF4-476D-AACC-EFD691802E2D}"
EndProject
Project("{FAE04EC0-301F-11D3-BF4B-00C04F79EFBC}") = "MTScratchPad", "Demo\Multitouch\MultitouchWinForms\MTScratchPad\MTScratchPad.csproj", "{9B6CE386-8C74-401C-A38D-7F6A73FA374E}"
EndProject
Project("{FAE04EC0-301F-11D3-BF4B-00C04F79EFBC}") = "MultiControls", "Demo\Multitouch\MultitouchWinForms\MultiControls\MultiControls.csproj", "{00C662F8-458D-4E39-9A7D-08B3F23F8204}"
EndProject
Project("{FAE04EC0-301F-11D3-BF4B-00C04F79EFBC}") = "mtWPFGesture", "Demo\Multitouch\MutlitouchWPF\mtWPFGesture\mtWPFGesture.csproj", "{5687E13E-7A53-4CEB-8C29-C549292454AF}"
EndProject
Project("{FAE04EC0-301F-11D3-BF4B-00C04F79EFBC}") = "mtWPFInertia", "Demo\Multitouch\MutlitouchWPF\mtWPFInertia\mtWPFInertia.csproj", "{0DBBF15A-0152-49DD-BD23-DF90CAACBD94}"
EndProject
Project("{FAE04EC0-301F-11D3-BF4B-00C04F79EFBC}") = "mtWPFManipulation", "Demo\Multitouch\MutlitouchWPF\mtWPFManipulation\mtWPFManipulation.csproj", "{6CE01DF4-2747-48D4-BBF9-4A6245087232}"
EndProject
Project("{FAE04EC0-301F-11D3-BF4B-00C04F79EFBC}") = "mtWPFScratchPad", "Demo\Multitouch\MutlitouchWPF\mtWPFScratchPad\mtWPFScratchPad.csproj", "{9A4F04AD-D0BB-4423-82DF-B1D3163F5C2B}"
EndProject
Project("{8BC9CEB8-8B4A-11D0-8D11-00A0C91BC942}") = "Win32mtScratchpad", "Demo\Multitouch\Win32\Win32mtScratchpad\MTScratchpadWMTouch.vcproj", "{EB64545D-ECCF-43BC-9B35-05BF0DF2E219}"
EndProject
Global
	GlobalSection(SolutionConfigurationPlatforms) = preSolution
		Debug|Any CPU = Debug|Any CPU
		Debug|Mixed Platforms = Debug|Mixed Platforms
		Debug|Win32 = Debug|Win32
		Debug|x64 = Debug|x64
		Debug|x86 = Debug|x86
		Release|Any CPU = Release|Any CPU
		Release|Mixed Platforms = Release|Mixed Platforms
		Release|Win32 = Release|Win32
		Release|x64 = Release|x64
		Release|x86 = Release|x86
	EndGlobalSection
	GlobalSection(ProjectConfigurationPlatforms) = postSolution
		{BA3201ED-9FDD-44E5-AA16-5A14526BB908}.Debug|Any CPU.ActiveCfg = Debug|Any CPU
		{BA3201ED-9FDD-44E5-AA16-5A14526BB908}.Debug|Any CPU.Build.0 = Debug|Any CPU
		{BA3201ED-9FDD-44E5-AA16-5A14526BB908}.Debug|Mixed Platforms.ActiveCfg = Debug|Any CPU
		{BA3201ED-9FDD-44E5-AA16-5A14526BB908}.Debug|Mixed Platforms.Build.0 = Debug|Any CPU
		{BA3201ED-9FDD-44E5-AA16-5A14526BB908}.Debug|Win32.ActiveCfg = Debug|Any CPU
		{BA3201ED-9FDD-44E5-AA16-5A14526BB908}.Debug|x64.ActiveCfg = Debug|Any CPU
		{BA3201ED-9FDD-44E5-AA16-5A14526BB908}.Debug|x86.ActiveCfg = Debug|Any CPU
		{BA3201ED-9FDD-44E5-AA16-5A14526BB908}.Release|Any CPU.ActiveCfg = Release|Any CPU
		{BA3201ED-9FDD-44E5-AA16-5A14526BB908}.Release|Any CPU.Build.0 = Release|Any CPU
		{BA3201ED-9FDD-44E5-AA16-5A14526BB908}.Release|Mixed Platforms.ActiveCfg = Release|Any CPU
		{BA3201ED-9FDD-44E5-AA16-5A14526BB908}.Release|Mixed Platforms.Build.0 = Release|Any CPU
		{BA3201ED-9FDD-44E5-AA16-5A14526BB908}.Release|Win32.ActiveCfg = Release|Any CPU
		{BA3201ED-9FDD-44E5-AA16-5A14526BB908}.Release|x64.ActiveCfg = Release|Any CPU
		{BA3201ED-9FDD-44E5-AA16-5A14526BB908}.Release|x86.ActiveCfg = Release|Any CPU
		{3D2707FF-380A-4F25-A9EB-51A626E3DEA4}.Debug|Any CPU.ActiveCfg = Debug|Any CPU
		{3D2707FF-380A-4F25-A9EB-51A626E3DEA4}.Debug|Any CPU.Build.0 = Debug|Any CPU
		{3D2707FF-380A-4F25-A9EB-51A626E3DEA4}.Debug|Mixed Platforms.ActiveCfg = Debug|Any CPU
		{3D2707FF-380A-4F25-A9EB-51A626E3DEA4}.Debug|Mixed Platforms.Build.0 = Debug|Any CPU
		{3D2707FF-380A-4F25-A9EB-51A626E3DEA4}.Debug|Win32.ActiveCfg = Debug|Any CPU
		{3D2707FF-380A-4F25-A9EB-51A626E3DEA4}.Debug|x64.ActiveCfg = Debug|Any CPU
		{3D2707FF-380A-4F25-A9EB-51A626E3DEA4}.Debug|x86.ActiveCfg = Debug|Any CPU
		{3D2707FF-380A-4F25-A9EB-51A626E3DEA4}.Release|Any CPU.ActiveCfg = Release|Any CPU
		{3D2707FF-380A-4F25-A9EB-51A626E3DEA4}.Release|Any CPU.Build.0 = Release|Any CPU
		{3D2707FF-380A-4F25-A9EB-51A626E3DEA4}.Release|Mixed Platforms.ActiveCfg = Release|Any CPU
		{3D2707FF-380A-4F25-A9EB-51A626E3DEA4}.Release|Mixed Platforms.Build.0 = Release|Any CPU
		{3D2707FF-380A-4F25-A9EB-51A626E3DEA4}.Release|Win32.ActiveCfg = Release|Any CPU
		{3D2707FF-380A-4F25-A9EB-51A626E3DEA4}.Release|x64.ActiveCfg = Release|Any CPU
		{3D2707FF-380A-4F25-A9EB-51A626E3DEA4}.Release|x86.ActiveCfg = Release|Any CPU
		{F42D6367-B340-4CE4-9AB7-43EEF3692FF4}.Debug|Any CPU.ActiveCfg = Debug|Any CPU
		{F42D6367-B340-4CE4-9AB7-43EEF3692FF4}.Debug|Any CPU.Build.0 = Debug|Any CPU
		{F42D6367-B340-4CE4-9AB7-43EEF3692FF4}.Debug|Mixed Platforms.ActiveCfg = Debug|Any CPU
		{F42D6367-B340-4CE4-9AB7-43EEF3692FF4}.Debug|Mixed Platforms.Build.0 = Debug|Any CPU
		{F42D6367-B340-4CE4-9AB7-43EEF3692FF4}.Debug|Win32.ActiveCfg = Debug|Any CPU
		{F42D6367-B340-4CE4-9AB7-43EEF3692FF4}.Debug|x64.ActiveCfg = Debug|Any CPU
		{F42D6367-B340-4CE4-9AB7-43EEF3692FF4}.Debug|x86.ActiveCfg = Debug|Any CPU
		{F42D6367-B340-4CE4-9AB7-43EEF3692FF4}.Release|Any CPU.ActiveCfg = Release|Any CPU
		{F42D6367-B340-4CE4-9AB7-43EEF3692FF4}.Release|Any CPU.Build.0 = Release|Any CPU
		{F42D6367-B340-4CE4-9AB7-43EEF3692FF4}.Release|Mixed Platforms.ActiveCfg = Release|Any CPU
		{F42D6367-B340-4CE4-9AB7-43EEF3692FF4}.Release|Mixed Platforms.Build.0 = Release|Any CPU
		{F42D6367-B340-4CE4-9AB7-43EEF3692FF4}.Release|Win32.ActiveCfg = Release|Any CPU
		{F42D6367-B340-4CE4-9AB7-43EEF3692FF4}.Release|x64.ActiveCfg = Release|Any CPU
		{F42D6367-B340-4CE4-9AB7-43EEF3692FF4}.Release|x86.ActiveCfg = Release|Any CPU
		{377E2C15-1DA4-49C8-9777-DCCC01D38E8C}.Debug|Any CPU.ActiveCfg = Debug|Any CPU
		{377E2C15-1DA4-49C8-9777-DCCC01D38E8C}.Debug|Any CPU.Build.0 = Debug|Any CPU
		{377E2C15-1DA4-49C8-9777-DCCC01D38E8C}.Debug|Mixed Platforms.ActiveCfg = Debug|Any CPU
		{377E2C15-1DA4-49C8-9777-DCCC01D38E8C}.Debug|Mixed Platforms.Build.0 = Debug|Any CPU
		{377E2C15-1DA4-49C8-9777-DCCC01D38E8C}.Debug|Win32.ActiveCfg = Debug|Any CPU
		{377E2C15-1DA4-49C8-9777-DCCC01D38E8C}.Debug|x64.ActiveCfg = Debug|Any CPU
		{377E2C15-1DA4-49C8-9777-DCCC01D38E8C}.Debug|x86.ActiveCfg = Debug|Any CPU
		{377E2C15-1DA4-49C8-9777-DCCC01D38E8C}.Release|Any CPU.ActiveCfg = Release|Any CPU
		{377E2C15-1DA4-49C8-9777-DCCC01D38E8C}.Release|Any CPU.Build.0 = Release|Any CPU
		{377E2C15-1DA4-49C8-9777-DCCC01D38E8C}.Release|Mixed Platforms.ActiveCfg = Release|Any CPU
		{377E2C15-1DA4-49C8-9777-DCCC01D38E8C}.Release|Mixed Platforms.Build.0 = Release|Any CPU
		{377E2C15-1DA4-49C8-9777-DCCC01D38E8C}.Release|Win32.ActiveCfg = Release|Any CPU
		{377E2C15-1DA4-49C8-9777-DCCC01D38E8C}.Release|x64.ActiveCfg = Release|Any CPU
		{377E2C15-1DA4-49C8-9777-DCCC01D38E8C}.Release|x86.ActiveCfg = Release|Any CPU
		{8AA389B4-3C4C-4AAC-B844-A156A7874E2E}.Debug|Any CPU.ActiveCfg = Debug|Any CPU
		{8AA389B4-3C4C-4AAC-B844-A156A7874E2E}.Debug|Any CPU.Build.0 = Debug|Any CPU
		{8AA389B4-3C4C-4AAC-B844-A156A7874E2E}.Debug|Mixed Platforms.ActiveCfg = Debug|Any CPU
		{8AA389B4-3C4C-4AAC-B844-A156A7874E2E}.Debug|Mixed Platforms.Build.0 = Debug|Any CPU
		{8AA389B4-3C4C-4AAC-B844-A156A7874E2E}.Debug|Win32.ActiveCfg = Debug|Any CPU
		{8AA389B4-3C4C-4AAC-B844-A156A7874E2E}.Debug|x64.ActiveCfg = Debug|Any CPU
		{8AA389B4-3C4C-4AAC-B844-A156A7874E2E}.Debug|x86.ActiveCfg = Debug|Any CPU
		{8AA389B4-3C4C-4AAC-B844-A156A7874E2E}.Release|Any CPU.ActiveCfg = Release|Any CPU
		{8AA389B4-3C4C-4AAC-B844-A156A7874E2E}.Release|Any CPU.Build.0 = Release|Any CPU
		{8AA389B4-3C4C-4AAC-B844-A156A7874E2E}.Release|Mixed Platforms.ActiveCfg = Release|Any CPU
		{8AA389B4-3C4C-4AAC-B844-A156A7874E2E}.Release|Mixed Platforms.Build.0 = Release|Any CPU
		{8AA389B4-3C4C-4AAC-B844-A156A7874E2E}.Release|Win32.ActiveCfg = Release|Any CPU
		{8AA389B4-3C4C-4AAC-B844-A156A7874E2E}.Release|x64.ActiveCfg = Release|Any CPU
		{8AA389B4-3C4C-4AAC-B844-A156A7874E2E}.Release|x86.ActiveCfg = Release|Any CPU
		{5686EE6F-CDF4-476D-AACC-EFD691802E2D}.Debug|Any CPU.ActiveCfg = Debug|Any CPU
		{5686EE6F-CDF4-476D-AACC-EFD691802E2D}.Debug|Any CPU.Build.0 = Debug|Any CPU
		{5686EE6F-CDF4-476D-AACC-EFD691802E2D}.Debug|Mixed Platforms.ActiveCfg = Debug|Any CPU
		{5686EE6F-CDF4-476D-AACC-EFD691802E2D}.Debug|Mixed Platforms.Build.0 = Debug|Any CPU
		{5686EE6F-CDF4-476D-AACC-EFD691802E2D}.Debug|Win32.ActiveCfg = Debug|Any CPU
		{5686EE6F-CDF4-476D-AACC-EFD691802E2D}.Debug|x64.ActiveCfg = Debug|Any CPU
		{5686EE6F-CDF4-476D-AACC-EFD691802E2D}.Debug|x86.ActiveCfg = Debug|Any CPU
		{5686EE6F-CDF4-476D-AACC-EFD691802E2D}.Release|Any CPU.ActiveCfg = Release|Any CPU
		{5686EE6F-CDF4-476D-AACC-EFD691802E2D}.Release|Any CPU.Build.0 = Release|Any CPU
		{5686EE6F-CDF4-476D-AACC-EFD691802E2D}.Release|Mixed Platforms.ActiveCfg = Release|Any CPU
		{5686EE6F-CDF4-476D-AACC-EFD691802E2D}.Release|Mixed Platforms.Build.0 = Release|Any CPU
		{5686EE6F-CDF4-476D-AACC-EFD691802E2D}.Release|Win32.ActiveCfg = Release|Any CPU
		{5686EE6F-CDF4-476D-AACC-EFD691802E2D}.Release|x64.ActiveCfg = Release|Any CPU
		{5686EE6F-CDF4-476D-AACC-EFD691802E2D}.Release|x86.ActiveCfg = Release|Any CPU
		{9B6CE386-8C74-401C-A38D-7F6A73FA374E}.Debug|Any CPU.ActiveCfg = Debug|Any CPU
		{9B6CE386-8C74-401C-A38D-7F6A73FA374E}.Debug|Any CPU.Build.0 = Debug|Any CPU
		{9B6CE386-8C74-401C-A38D-7F6A73FA374E}.Debug|Mixed Platforms.ActiveCfg = Debug|Any CPU
		{9B6CE386-8C74-401C-A38D-7F6A73FA374E}.Debug|Mixed Platforms.Build.0 = Debug|Any CPU
		{9B6CE386-8C74-401C-A38D-7F6A73FA374E}.Debug|Win32.ActiveCfg = Debug|Any CPU
		{9B6CE386-8C74-401C-A38D-7F6A73FA374E}.Debug|x64.ActiveCfg = Debug|Any CPU
		{9B6CE386-8C74-401C-A38D-7F6A73FA374E}.Debug|x86.ActiveCfg = Debug|Any CPU
		{9B6CE386-8C74-401C-A38D-7F6A73FA374E}.Release|Any CPU.ActiveCfg = Release|Any CPU
		{9B6CE386-8C74-401C-A38D-7F6A73FA374E}.Release|Any CPU.Build.0 = Release|Any CPU
		{9B6CE386-8C74-401C-A38D-7F6A73FA374E}.Release|Mixed Platforms.ActiveCfg = Release|Any CPU
		{9B6CE386-8C74-401C-A38D-7F6A73FA374E}.Release|Mixed Platforms.Build.0 = Release|Any CPU
		{9B6CE386-8C74-401C-A38D-7F6A73FA374E}.Release|Win32.ActiveCfg = Release|Any CPU
		{9B6CE386-8C74-401C-A38D-7F6A73FA374E}.Release|x64.ActiveCfg = Release|Any CPU
		{9B6CE386-8C74-401C-A38D-7F6A73FA374E}.Release|x86.ActiveCfg = Release|Any CPU
		{00C662F8-458D-4E39-9A7D-08B3F23F8204}.Debug|Any CPU.ActiveCfg = Debug|Any CPU
		{00C662F8-458D-4E39-9A7D-08B3F23F8204}.Debug|Any CPU.Build.0 = Debug|Any CPU
		{00C662F8-458D-4E39-9A7D-08B3F23F8204}.Debug|Mixed Platforms.ActiveCfg = Debug|Any CPU
		{00C662F8-458D-4E39-9A7D-08B3F23F8204}.Debug|Mixed Platforms.Build.0 = Debug|Any CPU
		{00C662F8-458D-4E39-9A7D-08B3F23F8204}.Debug|Win32.ActiveCfg = Debug|Any CPU
		{00C662F8-458D-4E39-9A7D-08B3F23F8204}.Debug|x64.ActiveCfg = Debug|Any CPU
		{00C662F8-458D-4E39-9A7D-08B3F23F8204}.Debug|x86.ActiveCfg = Debug|Any CPU
		{00C662F8-458D-4E39-9A7D-08B3F23F8204}.Release|Any CPU.ActiveCfg = Release|Any CPU
		{00C662F8-458D-4E39-9A7D-08B3F23F8204}.Release|Any CPU.Build.0 = Release|Any CPU
		{00C662F8-458D-4E39-9A7D-08B3F23F8204}.Release|Mixed Platforms.ActiveCfg = Release|Any CPU
		{00C662F8-458D-4E39-9A7D-08B3F23F8204}.Release|Mixed Platforms.Build.0 = Release|Any CPU
		{00C662F8-458D-4E39-9A7D-08B3F23F8204}.Release|Win32.ActiveCfg = Release|Any CPU
		{00C662F8-458D-4E39-9A7D-08B3F23F8204}.Release|x64.ActiveCfg = Release|Any CPU
		{00C662F8-458D-4E39-9A7D-08B3F23F8204}.Release|x86.ActiveCfg = Release|Any CPU
		{5687E13E-7A53-4CEB-8C29-C549292454AF}.Debug|Any CPU.ActiveCfg = Debug|Any CPU
		{5687E13E-7A53-4CEB-8C29-C549292454AF}.Debug|Any CPU.Build.0 = Debug|Any CPU
		{5687E13E-7A53-4CEB-8C29-C549292454AF}.Debug|Mixed Platforms.ActiveCfg = Debug|Any CPU
		{5687E13E-7A53-4CEB-8C29-C549292454AF}.Debug|Mixed Platforms.Build.0 = Debug|Any CPU
		{5687E13E-7A53-4CEB-8C29-C549292454AF}.Debug|Win32.ActiveCfg = Debug|Any CPU
		{5687E13E-7A53-4CEB-8C29-C549292454AF}.Debug|x64.ActiveCfg = Debug|Any CPU
		{5687E13E-7A53-4CEB-8C29-C549292454AF}.Debug|x86.ActiveCfg = Debug|Any CPU
		{5687E13E-7A53-4CEB-8C29-C549292454AF}.Release|Any CPU.ActiveCfg = Release|Any CPU
		{5687E13E-7A53-4CEB-8C29-C549292454AF}.Release|Any CPU.Build.0 = Release|Any CPU
		{5687E13E-7A53-4CEB-8C29-C549292454AF}.Release|Mixed Platforms.ActiveCfg = Release|Any CPU
		{5687E13E-7A53-4CEB-8C29-C549292454AF}.Release|Mixed Platforms.Build.0 = Release|Any CPU
		{5687E13E-7A53-4CEB-8C29-C549292454AF}.Release|Win32.ActiveCfg = Release|Any CPU
		{5687E13E-7A53-4CEB-8C29-C549292454AF}.Release|x64.ActiveCfg = Release|Any CPU
		{5687E13E-7A53-4CEB-8C29-C549292454AF}.Release|x86.ActiveCfg = Release|Any CPU
		{0DBBF15A-0152-49DD-BD23-DF90CAACBD94}.Debug|Any CPU.ActiveCfg = Debug|Any CPU
		{0DBBF15A-0152-49DD-BD23-DF90CAACBD94}.Debug|Any CPU.Build.0 = Debug|Any CPU
		{0DBBF15A-0152-49DD-BD23-DF90CAACBD94}.Debug|Mixed Platforms.ActiveCfg = Debug|Any CPU
		{0DBBF15A-0152-49DD-BD23-DF90CAACBD94}.Debug|Mixed Platforms.Build.0 = Debug|Any CPU
		{0DBBF15A-0152-49DD-BD23-DF90CAACBD94}.Debug|Win32.ActiveCfg = Debug|Any CPU
		{0DBBF15A-0152-49DD-BD23-DF90CAACBD94}.Debug|x64.ActiveCfg = Debug|Any CPU
		{0DBBF15A-0152-49DD-BD23-DF90CAACBD94}.Debug|x86.ActiveCfg = Debug|Any CPU
		{0DBBF15A-0152-49DD-BD23-DF90CAACBD94}.Release|Any CPU.ActiveCfg = Release|Any CPU
		{0DBBF15A-0152-49DD-BD23-DF90CAACBD94}.Release|Any CPU.Build.0 = Release|Any CPU
		{0DBBF15A-0152-49DD-BD23-DF90CAACBD94}.Release|Mixed Platforms.ActiveCfg = Release|Any CPU
		{0DBBF15A-0152-49DD-BD23-DF90CAACBD94}.Release|Mixed Platforms.Build.0 = Release|Any CPU
		{0DBBF15A-0152-49DD-BD23-DF90CAACBD94}.Release|Win32.ActiveCfg = Release|Any CPU
		{0DBBF15A-0152-49DD-BD23-DF90CAACBD94}.Release|x64.ActiveCfg = Release|Any CPU
		{0DBBF15A-0152-49DD-BD23-DF90CAACBD94}.Release|x86.ActiveCfg = Release|Any CPU
		{6CE01DF4-2747-48D4-BBF9-4A6245087232}.Debug|Any CPU.ActiveCfg = Debug|Any CPU
		{6CE01DF4-2747-48D4-BBF9-4A6245087232}.Debug|Any CPU.Build.0 = Debug|Any CPU
		{6CE01DF4-2747-48D4-BBF9-4A6245087232}.Debug|Mixed Platforms.ActiveCfg = Debug|Any CPU
		{6CE01DF4-2747-48D4-BBF9-4A6245087232}.Debug|Mixed Platforms.Build.0 = Debug|Any CPU
		{6CE01DF4-2747-48D4-BBF9-4A6245087232}.Debug|Win32.ActiveCfg = Debug|Any CPU
		{6CE01DF4-2747-48D4-BBF9-4A6245087232}.Debug|x64.ActiveCfg = Debug|Any CPU
		{6CE01DF4-2747-48D4-BBF9-4A6245087232}.Debug|x86.ActiveCfg = Debug|Any CPU
		{6CE01DF4-2747-48D4-BBF9-4A6245087232}.Release|Any CPU.ActiveCfg = Release|Any CPU
		{6CE01DF4-2747-48D4-BBF9-4A6245087232}.Release|Any CPU.Build.0 = Release|Any CPU
		{6CE01DF4-2747-48D4-BBF9-4A6245087232}.Release|Mixed Platforms.ActiveCfg = Release|Any CPU
		{6CE01DF4-2747-48D4-BBF9-4A6245087232}.Release|Mixed Platforms.Build.0 = Release|Any CPU
		{6CE01DF4-2747-48D4-BBF9-4A6245087232}.Release|Win32.ActiveCfg = Release|Any CPU
		{6CE01DF4-2747-48D4-BBF9-4A6245087232}.Release|x64.ActiveCfg = Release|Any CPU
		{6CE01DF4-2747-48D4-BBF9-4A6245087232}.Release|x86.ActiveCfg = Release|Any CPU
		{9A4F04AD-D0BB-4423-82DF-B1D3163F5C2B}.Debug|Any CPU.ActiveCfg = Debug|Any CPU
		{9A4F04AD-D0BB-4423-82DF-B1D3163F5C2B}.Debug|Any CPU.Build.0 = Debug|Any CPU
		{9A4F04AD-D0BB-4423-82DF-B1D3163F5C2B}.Debug|Mixed Platforms.ActiveCfg = Debug|Any CPU
		{9A4F04AD-D0BB-4423-82DF-B1D3163F5C2B}.Debug|Mixed Platforms.Build.0 = Debug|Any CPU
		{9A4F04AD-D0BB-4423-82DF-B1D3163F5C2B}.Debug|Win32.ActiveCfg = Debug|Any CPU
		{9A4F04AD-D0BB-4423-82DF-B1D3163F5C2B}.Debug|x64.ActiveCfg = Debug|Any CPU
		{9A4F04AD-D0BB-4423-82DF-B1D3163F5C2B}.Debug|x86.ActiveCfg = Debug|Any CPU
		{9A4F04AD-D0BB-4423-82DF-B1D3163F5C2B}.Release|Any CPU.ActiveCfg = Release|Any CPU
		{9A4F04AD-D0BB-4423-82DF-B1D3163F5C2B}.Release|Any CPU.Build.0 = Release|Any CPU
		{9A4F04AD-D0BB-4423-82DF-B1D3163F5C2B}.Release|Mixed Platforms.ActiveCfg = Release|Any CPU
		{9A4F04AD-D0BB-4423-82DF-B1D3163F5C2B}.Release|Mixed Platforms.Build.0 = Release|Any CPU
		{9A4F04AD-D0BB-4423-82DF-B1D3163F5C2B}.Release|Win32.ActiveCfg = Release|Any CPU
		{9A4F04AD-D0BB-4423-82DF-B1D3163F5C2B}.Release|x64.ActiveCfg = Release|Any CPU
		{9A4F04AD-D0BB-4423-82DF-B1D3163F5C2B}.Release|x86.ActiveCfg = Release|Any CPU
		{EB64545D-ECCF-43BC-9B35-05BF0DF2E219}.Debug|Any CPU.ActiveCfg = Debug|Win32
		{EB64545D-ECCF-43BC-9B35-05BF0DF2E219}.Debug|Mixed Platforms.ActiveCfg = Debug|Win32
		{EB64545D-ECCF-43BC-9B35-05BF0DF2E219}.Debug|Mixed Platforms.Build.0 = Debug|Win32
		{EB64545D-ECCF-43BC-9B35-05BF0DF2E219}.Debug|Win32.ActiveCfg = Debug|Win32
		{EB64545D-ECCF-43BC-9B35-05BF0DF2E219}.Debug|Win32.Build.0 = Debug|Win32
		{EB64545D-ECCF-43BC-9B35-05BF0DF2E219}.Debug|x64.ActiveCfg = Debug|Win32
		{EB64545D-ECCF-43BC-9B35-05BF0DF2E219}.Debug|x86.ActiveCfg = Debug|Win32
		{EB64545D-ECCF-43BC-9B35-05BF0DF2E219}.Release|Any CPU.ActiveCfg = Release|Win32
		{EB64545D-ECCF-43BC-9B35-05BF0DF2E219}.Release|Mixed Platforms.ActiveCfg = Release|Win32
		{EB64545D-ECCF-43BC-9B35-05BF0DF2E219}.Release|Mixed Platforms.Build.0 = Release|Win32
		{EB64545D-ECCF-43BC-9B35-05BF0DF2E219}.Release|Win32.ActiveCfg = Release|Win32
		{EB64545D-ECCF-43BC-9B35-05BF0DF2E219}.Release|Win32.Build.0 = Release|Win32
		{EB64545D-ECCF-43BC-9B35-05BF0DF2E219}.Release|x64.ActiveCfg = Release|Win32
		{EB64545D-ECCF-43BC-9B35-05BF0DF2E219}.Release|x86.ActiveCfg = Release|Win32
	EndGlobalSection
	GlobalSection(SolutionProperties) = preSolution
		HideSolutionNode = FALSE
	EndGlobalSection
	GlobalSection(NestedProjects) = preSolution
		{0022DE46-5CF0-42AD-81F3-5E2B555497EF} = {F3911DB8-3A49-4578-A8DE-0AF4169E43CA}
		{BA3201ED-9FDD-44E5-AA16-5A14526BB908} = {7C1D48FF-FD68-4EB0-BBBE-65231B8D065C}
		{3D2707FF-380A-4F25-A9EB-51A626E3DEA4} = {7C1D48FF-FD68-4EB0-BBBE-65231B8D065C}
		{F42D6367-B340-4CE4-9AB7-43EEF3692FF4} = {7C1D48FF-FD68-4EB0-BBBE-65231B8D065C}
		{CB10DF3C-769F-427A-A278-D2DCA646364C} = {0022DE46-5CF0-42AD-81F3-5E2B555497EF}
		{C0DED255-A4EE-48B9-A4D2-07849D17E51B} = {0022DE46-5CF0-42AD-81F3-5E2B555497EF}
		{5480C3D2-7F31-4D34-A5F5-A9F287BD76AC} = {0022DE46-5CF0-42AD-81F3-5E2B555497EF}
		{377E2C15-1DA4-49C8-9777-DCCC01D38E8C} = {CB10DF3C-769F-427A-A278-D2DCA646364C}
		{8AA389B4-3C4C-4AAC-B844-A156A7874E2E} = {CB10DF3C-769F-427A-A278-D2DCA646364C}
		{5686EE6F-CDF4-476D-AACC-EFD691802E2D} = {CB10DF3C-769F-427A-A278-D2DCA646364C}
		{9B6CE386-8C74-401C-A38D-7F6A73FA374E} = {CB10DF3C-769F-427A-A278-D2DCA646364C}
		{00C662F8-458D-4E39-9A7D-08B3F23F8204} = {CB10DF3C-769F-427A-A278-D2DCA646364C}
		{5687E13E-7A53-4CEB-8C29-C549292454AF} = {C0DED255-A4EE-48B9-A4D2-07849D17E51B}
		{0DBBF15A-0152-49DD-BD23-DF90CAACBD94} = {C0DED255-A4EE-48B9-A4D2-07849D17E51B}
		{6CE01DF4-2747-48D4-BBF9-4A6245087232} = {C0DED255-A4EE-48B9-A4D2-07849D17E51B}
		{9A4F04AD-D0BB-4423-82DF-B1D3163F5C2B} = {C0DED255-A4EE-48B9-A4D2-07849D17E51B}
		{EB64545D-ECCF-43BC-9B35-05BF0DF2E219} = {5480C3D2-7F31-4D34-A5F5-A9F287BD76AC}
	EndGlobalSection
EndGlobal
